
Microsoft Visual Studio Solution File, Format Version 12.00
# Visual Studio Version 16
VisualStudioVersion = 16.0.31105.61
MinimumVisualStudioVersion = 10.0.40219.1
Project("{FAE04EC0-301F-11D3-BF4B-00C04F79EFBC}") = "BuilderGenerator.Demo", "BuilderGenerator.Demo.csproj", "{C647FFE1-3208-4FAD-B7FA-E8E972ABBF8A}"
EndProject
Global
	GlobalSection(SolutionConfigurationPlatforms) = preSolution
		Debug|Any CPU = Debug|Any CPU
		Release|Any CPU = Release|Any CPU
	EndGlobalSection
	GlobalSection(ProjectConfigurationPlatforms) = postSolution
		{C647FFE1-3208-4FAD-B7FA-E8E972ABBF8A}.Debug|Any CPU.ActiveCfg = Debug|Any CPU
		{C647FFE1-3208-4FAD-B7FA-E8E972ABBF8A}.Debug|Any CPU.Build.0 = Debug|Any CPU
		{C647FFE1-3208-4FAD-B7FA-E8E972ABBF8A}.Release|Any CPU.ActiveCfg = Release|Any CPU
		{C647FFE1-3208-4FAD-B7FA-E8E972ABBF8A}.Release|Any CPU.Build.0 = Release|Any CPU
	EndGlobalSection
	GlobalSection(SolutionProperties) = preSolution
		HideSolutionNode = FALSE
	EndGlobalSection
	GlobalSection(ExtensibilityGlobals) = postSolution
		SolutionGuid = {2868D7AC-5540-48C4-97A9-A10A4F046801}
	EndGlobalSection
EndGlobal
