
Microsoft Visual Studio Solution File, Format Version 12.00
# Visual Studio Version 16
VisualStudioVersion = 16.0.30804.86
MinimumVisualStudioVersion = 10.0.40219.1
Project("{9A19103F-16F7-4668-BE54-9A1E7A4F7556}") = "BuilderGenerator", "BuilderGenerator\BuilderGenerator.csproj", "{159A1DAD-038B-4EBB-BA6B-58C98C68A596}"
EndProject
Project("{2150E333-8FDC-42A3-9474-1A3956D46DE8}") = "Solution Items", "Solution Items", "{FBF0BDED-E356-445D-9E23-FEE97810416A}"
	ProjectSection(SolutionItems) = preProject
		.editorconfig = .editorconfig
		..\.gitignore = ..\.gitignore
		..\LICENSE.md = ..\LICENSE.md
		Publish-Local.ps1 = Publish-Local.ps1
		Publish-Nuget.ps1 = Publish-Nuget.ps1
		..\README.md = ..\README.md
		Refresh.ps1 = Refresh.ps1
	EndProjectSection
EndProject
Project("{2150E333-8FDC-42A3-9474-1A3956D46DE8}") = "docs", "docs", "{16BA5C10-6F7A-4CDA-A88E-A4247FFEFC80}"
	ProjectSection(SolutionItems) = preProject
		..\docs\index.md = ..\docs\index.md
	EndProjectSection
EndProject
Project("{2150E333-8FDC-42A3-9474-1A3956D46DE8}") = "assets", "assets", "{81886066-F662-4D04-B37E-E9C3F4C71E85}"
	ProjectSection(SolutionItems) = preProject
		..\docs\assets\BuilderGeneratorLoop.gif = ..\docs\assets\BuilderGeneratorLoop.gif
	EndProjectSection
EndProject
Project("{2150E333-8FDC-42A3-9474-1A3956D46DE8}") = "css", "css", "{14E9EF90-504C-473D-933A-DF3C26CB6083}"
	ProjectSection(SolutionItems) = preProject
		..\docs\assets\css\style.scss = ..\docs\assets\css\style.scss
	EndProjectSection
EndProject
Project("{9A19103F-16F7-4668-BE54-9A1E7A4F7556}") = "BuilderGenerator.Package", "BuilderGenerator.Package\BuilderGenerator.Package.csproj", "{BEFDAAF2-7A1F-414E-AC74-F533032265CA}"
EndProject
Project("{2150E333-8FDC-42A3-9474-1A3956D46DE8}") = "devops", "devops", "{6842FF17-D296-4C8D-BDA2-90624C2E475C}"
	ProjectSection(SolutionItems) = preProject
		..\.github\workflows\CI Workflow.yml = ..\.github\workflows\CI Workflow.yml
	EndProjectSection
EndProject
Project("{9A19103F-16F7-4668-BE54-9A1E7A4F7556}") = "BuilderGenerator.Sample", "BuilderGenerator.Sample\BuilderGenerator.Sample.csproj", "{205244DB-0416-4CAA-8A78-A8E35364D13C}"
EndProject
Project("{9A19103F-16F7-4668-BE54-9A1E7A4F7556}") = "BuilderGenerator.Test", "BuilderGenerator.Test\BuilderGenerator.Test.csproj", "{D9589B1C-846E-47AC-8B81-25915C56FB28}"
EndProject
Global
	GlobalSection(SolutionConfigurationPlatforms) = preSolution
		Debug|Any CPU = Debug|Any CPU
		Release|Any CPU = Release|Any CPU
	EndGlobalSection
	GlobalSection(ProjectConfigurationPlatforms) = postSolution
		{159A1DAD-038B-4EBB-BA6B-58C98C68A596}.Debug|Any CPU.ActiveCfg = Debug|Any CPU
		{159A1DAD-038B-4EBB-BA6B-58C98C68A596}.Debug|Any CPU.Build.0 = Debug|Any CPU
		{159A1DAD-038B-4EBB-BA6B-58C98C68A596}.Release|Any CPU.ActiveCfg = Release|Any CPU
		{159A1DAD-038B-4EBB-BA6B-58C98C68A596}.Release|Any CPU.Build.0 = Release|Any CPU
		{BEFDAAF2-7A1F-414E-AC74-F533032265CA}.Debug|Any CPU.ActiveCfg = Debug|Any CPU
		{BEFDAAF2-7A1F-414E-AC74-F533032265CA}.Debug|Any CPU.Build.0 = Debug|Any CPU
		{BEFDAAF2-7A1F-414E-AC74-F533032265CA}.Release|Any CPU.ActiveCfg = Release|Any CPU
		{BEFDAAF2-7A1F-414E-AC74-F533032265CA}.Release|Any CPU.Build.0 = Release|Any CPU
		{205244DB-0416-4CAA-8A78-A8E35364D13C}.Debug|Any CPU.ActiveCfg = Debug|Any CPU
		{205244DB-0416-4CAA-8A78-A8E35364D13C}.Debug|Any CPU.Build.0 = Debug|Any CPU
		{205244DB-0416-4CAA-8A78-A8E35364D13C}.Release|Any CPU.ActiveCfg = Release|Any CPU
		{205244DB-0416-4CAA-8A78-A8E35364D13C}.Release|Any CPU.Build.0 = Release|Any CPU
		{D9589B1C-846E-47AC-8B81-25915C56FB28}.Debug|Any CPU.ActiveCfg = Debug|Any CPU
		{D9589B1C-846E-47AC-8B81-25915C56FB28}.Debug|Any CPU.Build.0 = Debug|Any CPU
		{D9589B1C-846E-47AC-8B81-25915C56FB28}.Release|Any CPU.ActiveCfg = Release|Any CPU
		{D9589B1C-846E-47AC-8B81-25915C56FB28}.Release|Any CPU.Build.0 = Release|Any CPU
	EndGlobalSection
	GlobalSection(SolutionProperties) = preSolution
		HideSolutionNode = FALSE
	EndGlobalSection
	GlobalSection(NestedProjects) = preSolution
		{16BA5C10-6F7A-4CDA-A88E-A4247FFEFC80} = {FBF0BDED-E356-445D-9E23-FEE97810416A}
		{81886066-F662-4D04-B37E-E9C3F4C71E85} = {16BA5C10-6F7A-4CDA-A88E-A4247FFEFC80}
		{14E9EF90-504C-473D-933A-DF3C26CB6083} = {81886066-F662-4D04-B37E-E9C3F4C71E85}
		{6842FF17-D296-4C8D-BDA2-90624C2E475C} = {FBF0BDED-E356-445D-9E23-FEE97810416A}
	EndGlobalSection
	GlobalSection(ExtensibilityGlobals) = postSolution
		SolutionGuid = {F843C644-4251-476E-812E-7FCEE2F68794}
	EndGlobalSection
EndGlobal
