
Microsoft Visual Studio Solution File, Format Version 12.00
# Visual Studio Version 17
VisualStudioVersion = 17.0.31912.275
MinimumVisualStudioVersion = 10.0.40219.1
Project("{9A19103F-16F7-4668-BE54-9A1E7A4F7556}") = "BuilderGenerator", "BuilderGenerator\BuilderGenerator.csproj", "{159A1DAD-038B-4EBB-BA6B-58C98C68A596}"
EndProject
Project("{2150E333-8FDC-42A3-9474-1A3956D46DE8}") = "Solution Items", "Solution Items", "{FBF0BDED-E356-445D-9E23-FEE97810416A}"
	ProjectSection(SolutionItems) = preProject
		.editorconfig = .editorconfig
		..\.gitignore = ..\.gitignore
		..\CONTRIBUTING.md = ..\CONTRIBUTING.md
		Directory.Build.props = Directory.Build.props
		..\LICENSE.txt = ..\LICENSE.txt
		Publish-Local.ps1 = Publish-Local.ps1
		..\README.md = ..\README.md
		global.json = global.json
	EndProjectSection
EndProject
Project("{2150E333-8FDC-42A3-9474-1A3956D46DE8}") = "docs", "docs", "{16BA5C10-6F7A-4CDA-A88E-A4247FFEFC80}"
	ProjectSection(SolutionItems) = preProject
		..\docs\index.md = ..\docs\index.md
	EndProjectSection
EndProject
Project("{2150E333-8FDC-42A3-9474-1A3956D46DE8}") = "assets", "assets", "{81886066-F662-4D04-B37E-E9C3F4C71E85}"
	ProjectSection(SolutionItems) = preProject
		..\docs\assets\BuilderGeneratorLoop.gif = ..\docs\assets\BuilderGeneratorLoop.gif
	EndProjectSection
EndProject
Project("{2150E333-8FDC-42A3-9474-1A3956D46DE8}") = "css", "css", "{14E9EF90-504C-473D-933A-DF3C26CB6083}"
	ProjectSection(SolutionItems) = preProject
		..\docs\assets\css\style.scss = ..\docs\assets\css\style.scss
	EndProjectSection
EndProject
Project("{2150E333-8FDC-42A3-9474-1A3956D46DE8}") = "devops", "devops", "{6842FF17-D296-4C8D-BDA2-90624C2E475C}"
	ProjectSection(SolutionItems) = preProject
		..\.github\workflows\ci.yml = ..\.github\workflows\ci.yml
		..\.github\workflows\release.yml = ..\.github\workflows\release.yml
	EndProjectSection
EndProject
Project("{9A19103F-16F7-4668-BE54-9A1E7A4F7556}") = "BuilderGenerator.Tests.Integration.Net80.ProjectRef", "BuilderGenerator.Tests.Integration.Net80.ProjectRef\BuilderGenerator.Tests.Integration.Net80.ProjectRef.csproj", "{42D12F84-04D1-4330-BD5D-411E60832EC3}"
EndProject
Project("{9A19103F-16F7-4668-BE54-9A1E7A4F7556}") = "BuilderGenerator.Tests.Unit", "BuilderGenerator.Tests.Unit\BuilderGenerator.Tests.Unit.csproj", "{D140CF6D-F283-4A38-94A5-D62B36058094}"
EndProject
Project("{FAE04EC0-301F-11D3-BF4B-00C04F79EFBC}") = "BuilderGenerator.Tests.Integration.Net90.ProjectRef", "BuilderGenerator.Tests.Integration.Net90.ProjectRef\BuilderGenerator.Tests.Integration.Net90.ProjectRef.csproj", "{33758D74-572A-41D3-AAA4-AA7CB8949C95}"
EndProject
Project("{FAE04EC0-301F-11D3-BF4B-00C04F79EFBC}") = "BuilderGenerator.Core", "BuilderGenerator.Core\BuilderGenerator.Core.csproj", "{163269A9-B467-4A93-BA68-0A46C02B0E87}"
EndProject
Project("{FAE04EC0-301F-11D3-BF4B-00C04F79EFBC}") = "BuilderGenerator.Tests.Integration.Net80.PackageRef", "BuilderGenerator.Tests.Integration.Net80.PackageRef\BuilderGenerator.Tests.Integration.Net80.PackageRef.csproj", "{7DF5AAB0-8FC5-4717-907A-B3BEEB7C3FB9}"
EndProject
Project("{FAE04EC0-301F-11D3-BF4B-00C04F79EFBC}") = "BuilderGenerator.Tests.Integration.Net90.PackageRef", "BuilderGenerator.Tests.Integration.Net90.PackageRef\BuilderGenerator.Tests.Integration.Net90.PackageRef.csproj", "{59C9DDE2-7DF4-4EAF-AE9C-3323B9D51490}"
EndProject
Project("{FAE04EC0-301F-11D3-BF4B-00C04F79EFBC}") = "BuilderGenerator.Tests.Integration.Net60.PackageRef", "BuilderGenerator.Tests.Integration.Net60.PackageRef\BuilderGenerator.Tests.Integration.Net60.PackageRef.csproj", "{0C75BE7A-7ED7-4F4C-A45A-0EE209C389E8}"
EndProject
Project("{FAE04EC0-301F-11D3-BF4B-00C04F79EFBC}") = "BuilderGenerator.Tests.Integration.Net60.ProjectRef", "BuilderGenerator.Tests.Integration.Net60.ProjectRef\BuilderGenerator.Tests.Integration.Net60.ProjectRef.csproj", "{64769BF4-6335-4F3C-A6D5-EF2FD0BB5A6C}"
EndProject
Project("{FAE04EC0-301F-11D3-BF4B-00C04F79EFBC}") = "BuilderGenerator.Tests.Integration.Net70.PackageRef", "BuilderGenerator.Tests.Integration.Net70.PackageRef\BuilderGenerator.Tests.Integration.Net70.PackageRef.csproj", "{EEC89DD6-7B76-4251-97E6-FEF834C1DCE4}"
EndProject
Project("{FAE04EC0-301F-11D3-BF4B-00C04F79EFBC}") = "BuilderGenerator.Tests.Integration.Net70.ProjectRef", "BuilderGenerator.Tests.Integration.Net70.ProjectRef\BuilderGenerator.Tests.Integration.Net70.ProjectRef.csproj", "{8333FE1B-DB78-4B82-AC17-AEA9EDC23622}"
EndProject
Global
	GlobalSection(SolutionConfigurationPlatforms) = preSolution
		Debug|Any CPU = Debug|Any CPU
		Release|Any CPU = Release|Any CPU
	EndGlobalSection
	GlobalSection(ProjectConfigurationPlatforms) = postSolution
		{159A1DAD-038B-4EBB-BA6B-58C98C68A596}.Debug|Any CPU.ActiveCfg = Debug|Any CPU
		{159A1DAD-038B-4EBB-BA6B-58C98C68A596}.Debug|Any CPU.Build.0 = Debug|Any CPU
		{159A1DAD-038B-4EBB-BA6B-58C98C68A596}.Release|Any CPU.ActiveCfg = Release|Any CPU
		{159A1DAD-038B-4EBB-BA6B-58C98C68A596}.Release|Any CPU.Build.0 = Release|Any CPU
		{42D12F84-04D1-4330-BD5D-411E60832EC3}.Debug|Any CPU.ActiveCfg = Debug|Any CPU
		{42D12F84-04D1-4330-BD5D-411E60832EC3}.Debug|Any CPU.Build.0 = Debug|Any CPU
		{42D12F84-04D1-4330-BD5D-411E60832EC3}.Release|Any CPU.ActiveCfg = Release|Any CPU
		{42D12F84-04D1-4330-BD5D-411E60832EC3}.Release|Any CPU.Build.0 = Release|Any CPU
		{D140CF6D-F283-4A38-94A5-D62B36058094}.Debug|Any CPU.ActiveCfg = Debug|Any CPU
		{D140CF6D-F283-4A38-94A5-D62B36058094}.Debug|Any CPU.Build.0 = Debug|Any CPU
		{D140CF6D-F283-4A38-94A5-D62B36058094}.Release|Any CPU.ActiveCfg = Release|Any CPU
		{D140CF6D-F283-4A38-94A5-D62B36058094}.Release|Any CPU.Build.0 = Release|Any CPU
		{33758D74-572A-41D3-AAA4-AA7CB8949C95}.Debug|Any CPU.ActiveCfg = Debug|Any CPU
		{33758D74-572A-41D3-AAA4-AA7CB8949C95}.Debug|Any CPU.Build.0 = Debug|Any CPU
		{33758D74-572A-41D3-AAA4-AA7CB8949C95}.Release|Any CPU.ActiveCfg = Release|Any CPU
		{33758D74-572A-41D3-AAA4-AA7CB8949C95}.Release|Any CPU.Build.0 = Release|Any CPU
		{163269A9-B467-4A93-BA68-0A46C02B0E87}.Debug|Any CPU.ActiveCfg = Debug|Any CPU
		{163269A9-B467-4A93-BA68-0A46C02B0E87}.Debug|Any CPU.Build.0 = Debug|Any CPU
		{163269A9-B467-4A93-BA68-0A46C02B0E87}.Release|Any CPU.ActiveCfg = Release|Any CPU
		{163269A9-B467-4A93-BA68-0A46C02B0E87}.Release|Any CPU.Build.0 = Release|Any CPU
		{7DF5AAB0-8FC5-4717-907A-B3BEEB7C3FB9}.Debug|Any CPU.ActiveCfg = Debug|Any CPU
		{7DF5AAB0-8FC5-4717-907A-B3BEEB7C3FB9}.Debug|Any CPU.Build.0 = Debug|Any CPU
		{7DF5AAB0-8FC5-4717-907A-B3BEEB7C3FB9}.Release|Any CPU.ActiveCfg = Release|Any CPU
		{7DF5AAB0-8FC5-4717-907A-B3BEEB7C3FB9}.Release|Any CPU.Build.0 = Release|Any CPU
		{59C9DDE2-7DF4-4EAF-AE9C-3323B9D51490}.Debug|Any CPU.ActiveCfg = Debug|Any CPU
		{59C9DDE2-7DF4-4EAF-AE9C-3323B9D51490}.Debug|Any CPU.Build.0 = Debug|Any CPU
		{59C9DDE2-7DF4-4EAF-AE9C-3323B9D51490}.Release|Any CPU.ActiveCfg = Release|Any CPU
		{59C9DDE2-7DF4-4EAF-AE9C-3323B9D51490}.Release|Any CPU.Build.0 = Release|Any CPU
		{0C75BE7A-7ED7-4F4C-A45A-0EE209C389E8}.Debug|Any CPU.ActiveCfg = Debug|Any CPU
		{0C75BE7A-7ED7-4F4C-A45A-0EE209C389E8}.Debug|Any CPU.Build.0 = Debug|Any CPU
		{0C75BE7A-7ED7-4F4C-A45A-0EE209C389E8}.Release|Any CPU.ActiveCfg = Release|Any CPU
		{0C75BE7A-7ED7-4F4C-A45A-0EE209C389E8}.Release|Any CPU.Build.0 = Release|Any CPU
		{64769BF4-6335-4F3C-A6D5-EF2FD0BB5A6C}.Debug|Any CPU.ActiveCfg = Debug|Any CPU
		{64769BF4-6335-4F3C-A6D5-EF2FD0BB5A6C}.Debug|Any CPU.Build.0 = Debug|Any CPU
		{64769BF4-6335-4F3C-A6D5-EF2FD0BB5A6C}.Release|Any CPU.ActiveCfg = Release|Any CPU
		{64769BF4-6335-4F3C-A6D5-EF2FD0BB5A6C}.Release|Any CPU.Build.0 = Release|Any CPU
		{EEC89DD6-7B76-4251-97E6-FEF834C1DCE4}.Debug|Any CPU.ActiveCfg = Debug|Any CPU
		{EEC89DD6-7B76-4251-97E6-FEF834C1DCE4}.Debug|Any CPU.Build.0 = Debug|Any CPU
		{EEC89DD6-7B76-4251-97E6-FEF834C1DCE4}.Release|Any CPU.ActiveCfg = Release|Any CPU
		{EEC89DD6-7B76-4251-97E6-FEF834C1DCE4}.Release|Any CPU.Build.0 = Release|Any CPU
		{8333FE1B-DB78-4B82-AC17-AEA9EDC23622}.Debug|Any CPU.ActiveCfg = Debug|Any CPU
		{8333FE1B-DB78-4B82-AC17-AEA9EDC23622}.Debug|Any CPU.Build.0 = Debug|Any CPU
		{8333FE1B-DB78-4B82-AC17-AEA9EDC23622}.Release|Any CPU.ActiveCfg = Release|Any CPU
		{8333FE1B-DB78-4B82-AC17-AEA9EDC23622}.Release|Any CPU.Build.0 = Release|Any CPU
	EndGlobalSection
	GlobalSection(SolutionProperties) = preSolution
		HideSolutionNode = FALSE
	EndGlobalSection
	GlobalSection(NestedProjects) = preSolution
		{16BA5C10-6F7A-4CDA-A88E-A4247FFEFC80} = {FBF0BDED-E356-445D-9E23-FEE97810416A}
		{81886066-F662-4D04-B37E-E9C3F4C71E85} = {16BA5C10-6F7A-4CDA-A88E-A4247FFEFC80}
		{14E9EF90-504C-473D-933A-DF3C26CB6083} = {81886066-F662-4D04-B37E-E9C3F4C71E85}
		{6842FF17-D296-4C8D-BDA2-90624C2E475C} = {FBF0BDED-E356-445D-9E23-FEE97810416A}
	EndGlobalSection
	GlobalSection(ExtensibilityGlobals) = postSolution
		SolutionGuid = {F843C644-4251-476E-812E-7FCEE2F68794}
	EndGlobalSection
EndGlobal
